
Microsoft Visual Studio Solution File, Format Version 12.00
# Visual Studio 15
VisualStudioVersion = 15.0.27703.2035
MinimumVisualStudioVersion = 10.0.40219.1
Project("{9A19103F-16F7-4668-BE54-9A1E7A4F7556}") = "Teste 1", "Teste 1.csproj", "{20F1C530-389D-4F97-BFFD-5EE28C904B1F}"
EndProject
Global
	GlobalSection(SolutionConfigurationPlatforms) = preSolution
		Debug|Any CPU = Debug|Any CPU
		Release|Any CPU = Release|Any CPU
	EndGlobalSection
	GlobalSection(ProjectConfigurationPlatforms) = postSolution
		{20F1C530-389D-4F97-BFFD-5EE28C904B1F}.Debug|Any CPU.ActiveCfg = Debug|Any CPU
		{20F1C530-389D-4F97-BFFD-5EE28C904B1F}.Debug|Any CPU.Build.0 = Debug|Any CPU
		{20F1C530-389D-4F97-BFFD-5EE28C904B1F}.Release|Any CPU.ActiveCfg = Release|Any CPU
		{20F1C530-389D-4F97-BFFD-5EE28C904B1F}.Release|Any CPU.Build.0 = Release|Any CPU
	EndGlobalSection
	GlobalSection(SolutionProperties) = preSolution
		HideSolutionNode = FALSE
	EndGlobalSection
	GlobalSection(ExtensibilityGlobals) = postSolution
		SolutionGuid = {56BDC8FE-D584-4F34-849E-AE48721E9939}
	EndGlobalSection
EndGlobal
